
Microsoft Visual Studio Solution File, Format Version 12.00
# Visual Studio 15
Project("{FAE04EC0-301F-11D3-BF4B-00C04F79EFBC}") = "MeuPedido", "MeuPedido\MeuPedido.csproj", "{AE13E6C9-03EE-4E10-9CA6-D53623C57033}"
EndProject
Project("{FAE04EC0-301F-11D3-BF4B-00C04F79EFBC}") = "MeuPedido.iOS", "iOS\MeuPedido.iOS.csproj", "{005A77F9-C97C-451C-8BCD-8723259F7941}"
EndProject
Project("{FAE04EC0-301F-11D3-BF4B-00C04F79EFBC}") = "Tests", "Tests\Tests.csproj", "{EEEC6EA8-61C6-45E9-9E00-4D6B9C8C9B2D}"
EndProject
Project("{FAE04EC0-301F-11D3-BF4B-00C04F79EFBC}") = "MeuPedido.Droid", "Android\MeuPedido.Droid.csproj", "{DF6FD873-12E1-44B5-B8F9-8951C08E7FBA}"
EndProject
Global
	GlobalSection(SolutionConfigurationPlatforms) = preSolution
		Debug|Any CPU = Debug|Any CPU
		Release|Any CPU = Release|Any CPU
		Debug|iPhoneSimulator = Debug|iPhoneSimulator
		Release|iPhone = Release|iPhone
		Release|iPhoneSimulator = Release|iPhoneSimulator
		Debug|iPhone = Debug|iPhone
	EndGlobalSection
	GlobalSection(ProjectConfigurationPlatforms) = postSolution
		{AE13E6C9-03EE-4E10-9CA6-D53623C57033}.Debug|Any CPU.ActiveCfg = Debug|Any CPU
		{AE13E6C9-03EE-4E10-9CA6-D53623C57033}.Debug|Any CPU.Build.0 = Debug|Any CPU
		{AE13E6C9-03EE-4E10-9CA6-D53623C57033}.Release|Any CPU.ActiveCfg = Release|Any CPU
		{AE13E6C9-03EE-4E10-9CA6-D53623C57033}.Release|Any CPU.Build.0 = Release|Any CPU
		{AE13E6C9-03EE-4E10-9CA6-D53623C57033}.Debug|iPhoneSimulator.ActiveCfg = Debug|Any CPU
		{AE13E6C9-03EE-4E10-9CA6-D53623C57033}.Debug|iPhoneSimulator.Build.0 = Debug|Any CPU
		{AE13E6C9-03EE-4E10-9CA6-D53623C57033}.Release|iPhone.ActiveCfg = Release|Any CPU
		{AE13E6C9-03EE-4E10-9CA6-D53623C57033}.Release|iPhone.Build.0 = Release|Any CPU
		{AE13E6C9-03EE-4E10-9CA6-D53623C57033}.Release|iPhoneSimulator.ActiveCfg = Release|Any CPU
		{AE13E6C9-03EE-4E10-9CA6-D53623C57033}.Release|iPhoneSimulator.Build.0 = Release|Any CPU
		{AE13E6C9-03EE-4E10-9CA6-D53623C57033}.Debug|iPhone.ActiveCfg = Debug|Any CPU
		{AE13E6C9-03EE-4E10-9CA6-D53623C57033}.Debug|iPhone.Build.0 = Debug|Any CPU
		{005A77F9-C97C-451C-8BCD-8723259F7941}.Debug|Any CPU.ActiveCfg = Debug|iPhoneSimulator
		{005A77F9-C97C-451C-8BCD-8723259F7941}.Debug|Any CPU.Build.0 = Debug|iPhoneSimulator
		{005A77F9-C97C-451C-8BCD-8723259F7941}.Release|Any CPU.ActiveCfg = Release|iPhone
		{005A77F9-C97C-451C-8BCD-8723259F7941}.Release|Any CPU.Build.0 = Release|iPhone
		{005A77F9-C97C-451C-8BCD-8723259F7941}.Debug|iPhoneSimulator.ActiveCfg = Debug|iPhoneSimulator
		{005A77F9-C97C-451C-8BCD-8723259F7941}.Debug|iPhoneSimulator.Build.0 = Debug|iPhoneSimulator
		{005A77F9-C97C-451C-8BCD-8723259F7941}.Release|iPhone.ActiveCfg = Release|iPhone
		{005A77F9-C97C-451C-8BCD-8723259F7941}.Release|iPhone.Build.0 = Release|iPhone
		{005A77F9-C97C-451C-8BCD-8723259F7941}.Release|iPhoneSimulator.ActiveCfg = Release|iPhoneSimulator
		{005A77F9-C97C-451C-8BCD-8723259F7941}.Release|iPhoneSimulator.Build.0 = Release|iPhoneSimulator
		{005A77F9-C97C-451C-8BCD-8723259F7941}.Debug|iPhone.ActiveCfg = Debug|iPhone
		{005A77F9-C97C-451C-8BCD-8723259F7941}.Debug|iPhone.Build.0 = Debug|iPhone
		{EEEC6EA8-61C6-45E9-9E00-4D6B9C8C9B2D}.Debug|Any CPU.ActiveCfg = Debug|Any CPU
		{EEEC6EA8-61C6-45E9-9E00-4D6B9C8C9B2D}.Debug|Any CPU.Build.0 = Debug|Any CPU
		{EEEC6EA8-61C6-45E9-9E00-4D6B9C8C9B2D}.Release|Any CPU.ActiveCfg = Release|Any CPU
		{EEEC6EA8-61C6-45E9-9E00-4D6B9C8C9B2D}.Release|Any CPU.Build.0 = Release|Any CPU
		{EEEC6EA8-61C6-45E9-9E00-4D6B9C8C9B2D}.Debug|iPhoneSimulator.ActiveCfg = Debug|Any CPU
		{EEEC6EA8-61C6-45E9-9E00-4D6B9C8C9B2D}.Debug|iPhoneSimulator.Build.0 = Debug|Any CPU
		{EEEC6EA8-61C6-45E9-9E00-4D6B9C8C9B2D}.Release|iPhone.ActiveCfg = Release|Any CPU
		{EEEC6EA8-61C6-45E9-9E00-4D6B9C8C9B2D}.Release|iPhone.Build.0 = Release|Any CPU
		{EEEC6EA8-61C6-45E9-9E00-4D6B9C8C9B2D}.Release|iPhoneSimulator.ActiveCfg = Release|Any CPU
		{EEEC6EA8-61C6-45E9-9E00-4D6B9C8C9B2D}.Release|iPhoneSimulator.Build.0 = Release|Any CPU
		{EEEC6EA8-61C6-45E9-9E00-4D6B9C8C9B2D}.Debug|iPhone.ActiveCfg = Debug|Any CPU
		{EEEC6EA8-61C6-45E9-9E00-4D6B9C8C9B2D}.Debug|iPhone.Build.0 = Debug|Any CPU
		{DF6FD873-12E1-44B5-B8F9-8951C08E7FBA}.Debug|Any CPU.ActiveCfg = Debug|Any CPU
		{DF6FD873-12E1-44B5-B8F9-8951C08E7FBA}.Debug|Any CPU.Build.0 = Debug|Any CPU
		{DF6FD873-12E1-44B5-B8F9-8951C08E7FBA}.Release|Any CPU.ActiveCfg = Release|Any CPU
		{DF6FD873-12E1-44B5-B8F9-8951C08E7FBA}.Release|Any CPU.Build.0 = Release|Any CPU
		{DF6FD873-12E1-44B5-B8F9-8951C08E7FBA}.Debug|iPhoneSimulator.ActiveCfg = Debug|Any CPU
		{DF6FD873-12E1-44B5-B8F9-8951C08E7FBA}.Debug|iPhoneSimulator.Build.0 = Debug|Any CPU
		{DF6FD873-12E1-44B5-B8F9-8951C08E7FBA}.Release|iPhone.ActiveCfg = Release|Any CPU
		{DF6FD873-12E1-44B5-B8F9-8951C08E7FBA}.Release|iPhone.Build.0 = Release|Any CPU
		{DF6FD873-12E1-44B5-B8F9-8951C08E7FBA}.Release|iPhoneSimulator.ActiveCfg = Release|Any CPU
		{DF6FD873-12E1-44B5-B8F9-8951C08E7FBA}.Release|iPhoneSimulator.Build.0 = Release|Any CPU
		{DF6FD873-12E1-44B5-B8F9-8951C08E7FBA}.Debug|iPhone.ActiveCfg = Debug|Any CPU
		{DF6FD873-12E1-44B5-B8F9-8951C08E7FBA}.Debug|iPhone.Build.0 = Debug|Any CPU
	EndGlobalSection
EndGlobal
